
Microsoft Visual Studio Solution File, Format Version 12.00
# Visual Studio 15
Project("{FAE04EC0-301F-11D3-BF4B-00C04F79EFBC}") = "Reach.Entity", "Reach.Entity\Reach.Entity.csproj", "{C181ECAE-FF87-4788-A2AD-06AEAA5CE614}"
EndProject
Project("{FAE04EC0-301F-11D3-BF4B-00C04F79EFBC}") = "Reach.Repository", "Reach.Repository\Reach.Repository.csproj", "{DAFA28C3-071A-42B4-BC9F-D050C9000561}"
EndProject
Project("{FAE04EC0-301F-11D3-BF4B-00C04F79EFBC}") = "Reach.API", "Reach.API\Reach.API.csproj", "{EAB3D9D3-4FD0-4A43-BF59-06F541614B20}"
EndProject
Global
	GlobalSection(SolutionConfigurationPlatforms) = preSolution
		Debug|Any CPU = Debug|Any CPU
		Release|Any CPU = Release|Any CPU
	EndGlobalSection
	GlobalSection(ProjectConfigurationPlatforms) = postSolution
		{C181ECAE-FF87-4788-A2AD-06AEAA5CE614}.Debug|Any CPU.ActiveCfg = Debug|Any CPU
		{C181ECAE-FF87-4788-A2AD-06AEAA5CE614}.Debug|Any CPU.Build.0 = Debug|Any CPU
		{C181ECAE-FF87-4788-A2AD-06AEAA5CE614}.Release|Any CPU.ActiveCfg = Release|Any CPU
		{C181ECAE-FF87-4788-A2AD-06AEAA5CE614}.Release|Any CPU.Build.0 = Release|Any CPU
		{DAFA28C3-071A-42B4-BC9F-D050C9000561}.Debug|Any CPU.ActiveCfg = Debug|Any CPU
		{DAFA28C3-071A-42B4-BC9F-D050C9000561}.Debug|Any CPU.Build.0 = Debug|Any CPU
		{DAFA28C3-071A-42B4-BC9F-D050C9000561}.Release|Any CPU.ActiveCfg = Release|Any CPU
		{DAFA28C3-071A-42B4-BC9F-D050C9000561}.Release|Any CPU.Build.0 = Release|Any CPU
		{EAB3D9D3-4FD0-4A43-BF59-06F541614B20}.Debug|Any CPU.ActiveCfg = Debug|Any CPU
		{EAB3D9D3-4FD0-4A43-BF59-06F541614B20}.Debug|Any CPU.Build.0 = Debug|Any CPU
		{EAB3D9D3-4FD0-4A43-BF59-06F541614B20}.Release|Any CPU.ActiveCfg = Release|Any CPU
		{EAB3D9D3-4FD0-4A43-BF59-06F541614B20}.Release|Any CPU.Build.0 = Release|Any CPU
	EndGlobalSection
EndGlobal
